
Microsoft Visual Studio Solution File, Format Version 12.00
# Visual Studio Version 16
VisualStudioVersion = 16.0.808.3
MinimumVisualStudioVersion = 10.0.40219.1
Project("{FAE04EC0-301F-11D3-BF4B-00C04F79EFBC}") = "ASPNETCore5Demo", "ASPNETCore5Demo.csproj", "{9744CEE1-4DE4-4B3C-B794-29656DB3D711}"
EndProject
Global
	GlobalSection(SolutionConfigurationPlatforms) = preSolution
		Debug|Any CPU = Debug|Any CPU
		Release|Any CPU = Release|Any CPU
	EndGlobalSection
	GlobalSection(ProjectConfigurationPlatforms) = postSolution
		{9744CEE1-4DE4-4B3C-B794-29656DB3D711}.Debug|Any CPU.ActiveCfg = Debug|Any CPU
		{9744CEE1-4DE4-4B3C-B794-29656DB3D711}.Debug|Any CPU.Build.0 = Debug|Any CPU
		{9744CEE1-4DE4-4B3C-B794-29656DB3D711}.Release|Any CPU.ActiveCfg = Release|Any CPU
		{9744CEE1-4DE4-4B3C-B794-29656DB3D711}.Release|Any CPU.Build.0 = Release|Any CPU
	EndGlobalSection
	GlobalSection(SolutionProperties) = preSolution
		HideSolutionNode = FALSE
	EndGlobalSection
	GlobalSection(ExtensibilityGlobals) = postSolution
		SolutionGuid = {7ABE528B-BC78-4062-A348-DAD9ACD1E010}
	EndGlobalSection
EndGlobal
